// !$*UTF8*$!
{
	archiveVersion = 1;
	classes = {
	};
	objectVersion = 48;
	objects = {

/* Begin PBXBuildFile section */
		8C1299207CF13FE642AF8837 /* Pods_ToolSwift.framework in Frameworks */ = {isa = PBXBuildFile; fileRef = 14247E947FBF0F7B646DF420 /* Pods_ToolSwift.framework */; };
		E3879A481FE211B400125AEA /* LLBaseViewController.swift in Sources */ = {isa = PBXBuildFile; fileRef = E3879A471FE211B400125AEA /* LLBaseViewController.swift */; };
		E3879A4B1FE2146F00125AEA /* UIColorExtension.swift in Sources */ = {isa = PBXBuildFile; fileRef = E3879A4A1FE2146F00125AEA /* UIColorExtension.swift */; };
		E3879A4D1FE2295A00125AEA /* UIBarButtonItemExtension.swift in Sources */ = {isa = PBXBuildFile; fileRef = E3879A4C1FE2295A00125AEA /* UIBarButtonItemExtension.swift */; };
		E3879A4F1FE229EB00125AEA /* UIBarButtonItemFixSpace.swift in Sources */ = {isa = PBXBuildFile; fileRef = E3879A4E1FE229EB00125AEA /* UIBarButtonItemFixSpace.swift */; };
		E3879A511FE22A2F00125AEA /* DispatchQueueExtension.swift in Sources */ = {isa = PBXBuildFile; fileRef = E3879A501FE22A2F00125AEA /* DispatchQueueExtension.swift */; };
		E3879A531FE22BEF00125AEA /* LLNavigationController.swift in Sources */ = {isa = PBXBuildFile; fileRef = E3879A521FE22BEF00125AEA /* LLNavigationController.swift */; };
		E3879A551FE22F4100125AEA /* LLPageViewController.swift in Sources */ = {isa = PBXBuildFile; fileRef = E3879A541FE22F4100125AEA /* LLPageViewController.swift */; };
		E3879A571FE248FC00125AEA /* LLWebViewController.swift in Sources */ = {isa = PBXBuildFile; fileRef = E3879A561FE248FC00125AEA /* LLWebViewController.swift */; };
		E3879A591FE249E700125AEA /* LLTabBarController.swift in Sources */ = {isa = PBXBuildFile; fileRef = E3879A581FE249E700125AEA /* LLTabBarController.swift */; };
		E3879A5B1FE24C8300125AEA /* LLBoutiqueListViewController.swift in Sources */ = {isa = PBXBuildFile; fileRef = E3879A5A1FE24C8300125AEA /* LLBoutiqueListViewController.swift */; };
		E3879A5D1FE24C9A00125AEA /* LLVIPListViewController.swift in Sources */ = {isa = PBXBuildFile; fileRef = E3879A5C1FE24C9A00125AEA /* LLVIPListViewController.swift */; };
		E3879A5F1FE24CB500125AEA /* LLSubscibeListViewController.swift in Sources */ = {isa = PBXBuildFile; fileRef = E3879A5E1FE24CB500125AEA /* LLSubscibeListViewController.swift */; };
		E3879A611FE24CC600125AEA /* LLRankListViewController.swift in Sources */ = {isa = PBXBuildFile; fileRef = E3879A601FE24CC600125AEA /* LLRankListViewController.swift */; };
		E3879A631FE24CE300125AEA /* LLCateListViewController.swift in Sources */ = {isa = PBXBuildFile; fileRef = E3879A621FE24CE300125AEA /* LLCateListViewController.swift */; };
		E3879A651FE24CF800125AEA /* LLBookViewController.swift in Sources */ = {isa = PBXBuildFile; fileRef = E3879A641FE24CF800125AEA /* LLBookViewController.swift */; };
		E3879A671FE24D1200125AEA /* LLMineViewController.swift in Sources */ = {isa = PBXBuildFile; fileRef = E3879A661FE24D1200125AEA /* LLMineViewController.swift */; };
		E3879A691FE24DAE00125AEA /* Assets.xcassets in Resources */ = {isa = PBXBuildFile; fileRef = E3879A681FE24DAE00125AEA /* Assets.xcassets */; };
		E3879A6B1FE24ECE00125AEA /* LLNoticeBar.swift in Sources */ = {isa = PBXBuildFile; fileRef = E3879A6A1FE24ECE00125AEA /* LLNoticeBar.swift */; };
		E3879A701FE2537D00125AEA /* LLSearchViewController.swift in Sources */ = {isa = PBXBuildFile; fileRef = E3879A6F1FE2537D00125AEA /* LLSearchViewController.swift */; };
		E3879A731FE269ED00125AEA /* LLBaseTableViewHeaderFooterView.swift in Sources */ = {isa = PBXBuildFile; fileRef = E3879A721FE269ED00125AEA /* LLBaseTableViewHeaderFooterView.swift */; };
		E3879A751FE26A3F00125AEA /* LLBaseCollectionViewCell.swift in Sources */ = {isa = PBXBuildFile; fileRef = E3879A741FE26A3F00125AEA /* LLBaseCollectionViewCell.swift */; };
		E3879A771FE26A6A00125AEA /* LLBaseTableViewCell.swift in Sources */ = {isa = PBXBuildFile; fileRef = E3879A761FE26A6A00125AEA /* LLBaseTableViewCell.swift */; };
		E3879A791FE26A9D00125AEA /* LLBaseCollectionReusableView.swift in Sources */ = {isa = PBXBuildFile; fileRef = E3879A781FE26A9D00125AEA /* LLBaseCollectionReusableView.swift */; };
		E3879A7C1FE2772900125AEA /* ApiTool.swift in Sources */ = {isa = PBXBuildFile; fileRef = E3879A7B1FE2772900125AEA /* ApiTool.swift */; };
		E3879A7E1FE2782100125AEA /* UIDevice+Extension.swift in Sources */ = {isa = PBXBuildFile; fileRef = E3879A7D1FE2782100125AEA /* UIDevice+Extension.swift */; };
		E3879A801FE2785000125AEA /* ArrayExtensions.swift in Sources */ = {isa = PBXBuildFile; fileRef = E3879A7F1FE2785000125AEA /* ArrayExtensions.swift */; };
		E3879A821FE2787C00125AEA /* UIViewExtension.swift in Sources */ = {isa = PBXBuildFile; fileRef = E3879A811FE2787C00125AEA /* UIViewExtension.swift */; };
		E3879A841FE278A300125AEA /* UIImageExtensions.swift in Sources */ = {isa = PBXBuildFile; fileRef = E3879A831FE278A300125AEA /* UIImageExtensions.swift */; };
		E3879A861FE278D200125AEA /* StringExtension.swift in Sources */ = {isa = PBXBuildFile; fileRef = E3879A851FE278D200125AEA /* StringExtension.swift */; };
		E3879A881FE278EE00125AEA /* DictionaryExtension.swift in Sources */ = {isa = PBXBuildFile; fileRef = E3879A871FE278EE00125AEA /* DictionaryExtension.swift */; };
		E3879A8A1FE27A0100125AEA /* ResponseModel.swift in Sources */ = {isa = PBXBuildFile; fileRef = E3879A891FE27A0100125AEA /* ResponseModel.swift */; };
		E3879A8E1FE36C1C00125AEA /* Common.swift in Sources */ = {isa = PBXBuildFile; fileRef = E3879A8D1FE36C1C00125AEA /* Common.swift */; };
		E3879A941FE3973600125AEA /* LLNetWorkLoadingTool.swift in Sources */ = {isa = PBXBuildFile; fileRef = E3879A921FE3973600125AEA /* LLNetWorkLoadingTool.swift */; };
		E3879A951FE3973600125AEA /* MBProgressHUDTool.swift in Sources */ = {isa = PBXBuildFile; fileRef = E3879A931FE3973600125AEA /* MBProgressHUDTool.swift */; };
		E3879A971FE39FF500125AEA /* CALayerExtension.swift in Sources */ = {isa = PBXBuildFile; fileRef = E3879A961FE39FF500125AEA /* CALayerExtension.swift */; };
		E3879A9A1FE3A6AF00125AEA /* LLCollectionViewAlignedLayout.swift in Sources */ = {isa = PBXBuildFile; fileRef = E3879A991FE3A6AF00125AEA /* LLCollectionViewAlignedLayout.swift */; };
		E3879AA01FE3A7C900125AEA /* UCollectionViewSectionBackgroundLayout.swift in Sources */ = {isa = PBXBuildFile; fileRef = E3879A9F1FE3A7C900125AEA /* UCollectionViewSectionBackgroundLayout.swift */; };
		E3879AA21FE3AC0F00125AEA /* LLComicCHeadView.swift in Sources */ = {isa = PBXBuildFile; fileRef = E3879AA11FE3AC0F00125AEA /* LLComicCHeadView.swift */; };
		E3879AA41FE3AC8B00125AEA /* LLComicCFootView.swift in Sources */ = {isa = PBXBuildFile; fileRef = E3879AA31FE3AC8B00125AEA /* LLComicCFootView.swift */; };
		E3879AA61FE3ACBC00125AEA /* LLComicCCell.swift in Sources */ = {isa = PBXBuildFile; fileRef = E3879AA51FE3ACBC00125AEA /* LLComicCCell.swift */; };
		E3879AA81FE3ACF300125AEA /* LLBoardCCell.swift in Sources */ = {isa = PBXBuildFile; fileRef = E3879AA71FE3ACF300125AEA /* LLBoardCCell.swift */; };
		E3879AAB1FE3ADEE00125AEA /* LLRefresh.swift in Sources */ = {isa = PBXBuildFile; fileRef = E3879AAA1FE3ADEE00125AEA /* LLRefresh.swift */; };
		E3879AAE1FE3AF1A00125AEA /* LLEmptyDataSet.swift in Sources */ = {isa = PBXBuildFile; fileRef = E3879AAD1FE3AF1A00125AEA /* LLEmptyDataSet.swift */; };
		E39C17791FC2C1370023F134 /* AppDelegate.swift in Sources */ = {isa = PBXBuildFile; fileRef = E39C17781FC2C1370023F134 /* AppDelegate.swift */; };
		E39C17AC1FC2C2360023F134 /* LLIndexViewController.swift in Sources */ = {isa = PBXBuildFile; fileRef = E39C17AA1FC2C2360023F134 /* LLIndexViewController.swift */; };
		E39C17AF1FC2C2F80023F134 /* Launch Screen.storyboard in Resources */ = {isa = PBXBuildFile; fileRef = E39C17AE1FC2C2F80023F134 /* Launch Screen.storyboard */; };
		E3AA8F191FE796F60072F9B0 /* LLComicViewController.swift in Sources */ = {isa = PBXBuildFile; fileRef = E3AA8F181FE796F60072F9B0 /* LLComicViewController.swift */; };
		E3AA8F1B1FE798CA0072F9B0 /* LLComicListViewController.swift in Sources */ = {isa = PBXBuildFile; fileRef = E3AA8F1A1FE798CA0072F9B0 /* LLComicListViewController.swift */; };
		E3AA8F1D1FE79AA10072F9B0 /* LLUpdateListViewController.swift in Sources */ = {isa = PBXBuildFile; fileRef = E3AA8F1C1FE79AA10072F9B0 /* LLUpdateListViewController.swift */; };
		E3AA8F1F1FE79AF10072F9B0 /* LLSpecialViewController.swift in Sources */ = {isa = PBXBuildFile; fileRef = E3AA8F1E1FE79AF10072F9B0 /* LLSpecialViewController.swift */; };
		E3AA8F211FE7B1BD0072F9B0 /* LLRankTCell.swift in Sources */ = {isa = PBXBuildFile; fileRef = E3AA8F201FE7B1BD0072F9B0 /* LLRankTCell.swift */; };
		E3AA8F231FE8E2350072F9B0 /* LLDetailViewController.swift in Sources */ = {isa = PBXBuildFile; fileRef = E3AA8F221FE8E2350072F9B0 /* LLDetailViewController.swift */; };
		E3AA8F251FE8E25A0072F9B0 /* LLChapterViewController.swift in Sources */ = {isa = PBXBuildFile; fileRef = E3AA8F241FE8E25A0072F9B0 /* LLChapterViewController.swift */; };
		E3AA8F271FE8E2CB0072F9B0 /* LLCommentViewController.swift in Sources */ = {isa = PBXBuildFile; fileRef = E3AA8F261FE8E2CB0072F9B0 /* LLCommentViewController.swift */; };
		E3AA8F291FE8E3FB0072F9B0 /* LLComicHeadView.swift in Sources */ = {isa = PBXBuildFile; fileRef = E3AA8F281FE8E3FB0072F9B0 /* LLComicHeadView.swift */; };
		E3AA8F2E1FE8EA650072F9B0 /* ParallaxHeaderMode.swift in Sources */ = {isa = PBXBuildFile; fileRef = E3AA8F2B1FE8EA650072F9B0 /* ParallaxHeaderMode.swift */; };
		E3AA8F2F1FE8EA650072F9B0 /* UIScrollView+ParallaxHeader.swift in Sources */ = {isa = PBXBuildFile; fileRef = E3AA8F2C1FE8EA650072F9B0 /* UIScrollView+ParallaxHeader.swift */; };
		E3AA8F301FE8EA650072F9B0 /* ParallaxHeader.swift in Sources */ = {isa = PBXBuildFile; fileRef = E3AA8F2D1FE8EA650072F9B0 /* ParallaxHeader.swift */; };
		E3AA8F321FE8ED970072F9B0 /* LLDescriptionTCell.swift in Sources */ = {isa = PBXBuildFile; fileRef = E3AA8F311FE8ED970072F9B0 /* LLDescriptionTCell.swift */; };
		E3AA8F341FE8EDC30072F9B0 /* LLOtherWorksTCell.swift in Sources */ = {isa = PBXBuildFile; fileRef = E3AA8F331FE8EDC30072F9B0 /* LLOtherWorksTCell.swift */; };
		E3AA8F361FE8EDEA0072F9B0 /* LLTicketTCell.swift in Sources */ = {isa = PBXBuildFile; fileRef = E3AA8F351FE8EDEA0072F9B0 /* LLTicketTCell.swift */; };
		E3AA8F381FE8EE120072F9B0 /* LLGuessLikeTCell.swift in Sources */ = {isa = PBXBuildFile; fileRef = E3AA8F371FE8EE120072F9B0 /* LLGuessLikeTCell.swift */; };
		E3AA8F3A1FE8EEA00072F9B0 /* LLOtherWorksViewController.swift in Sources */ = {isa = PBXBuildFile; fileRef = E3AA8F391FE8EEA00072F9B0 /* LLOtherWorksViewController.swift */; };
		E3AA8F3C1FE8EEF30072F9B0 /* LLOtherWorksCCell.swift in Sources */ = {isa = PBXBuildFile; fileRef = E3AA8F3B1FE8EEF30072F9B0 /* LLOtherWorksCCell.swift */; };
		E3AA8F3E1FE8F0680072F9B0 /* LLChapterCHeadView.swift in Sources */ = {isa = PBXBuildFile; fileRef = E3AA8F3D1FE8F0680072F9B0 /* LLChapterCHeadView.swift */; };
		E3AA8F401FE8F0C30072F9B0 /* LLChapterCCell.swift in Sources */ = {isa = PBXBuildFile; fileRef = E3AA8F3F1FE8F0C30072F9B0 /* LLChapterCCell.swift */; };
		E3AA8F421FE8FC470072F9B0 /* LLReadViewController.swift in Sources */ = {isa = PBXBuildFile; fileRef = E3AA8F411FE8FC470072F9B0 /* LLReadViewController.swift */; };
		E3AA8F441FE8FD1F0072F9B0 /* LLReadCCell.swift in Sources */ = {isa = PBXBuildFile; fileRef = E3AA8F431FE8FD1F0072F9B0 /* LLReadCCell.swift */; };
		E3AA8F461FE8FD970072F9B0 /* LLReadTopBar.swift in Sources */ = {isa = PBXBuildFile; fileRef = E3AA8F451FE8FD970072F9B0 /* LLReadTopBar.swift */; };
		E3AA8F481FE8FDC40072F9B0 /* LLReadBottomBar.swift in Sources */ = {isa = PBXBuildFile; fileRef = E3AA8F471FE8FDC40072F9B0 /* LLReadBottomBar.swift */; };
		E3AA8F4C1FE8FE380072F9B0 /* ConstraintArray+Extensions.swift in Sources */ = {isa = PBXBuildFile; fileRef = E3AA8F4A1FE8FE380072F9B0 /* ConstraintArray+Extensions.swift */; };
		E3AA8F4D1FE8FE380072F9B0 /* ConstraintArrayDSL.swift in Sources */ = {isa = PBXBuildFile; fileRef = E3AA8F4B1FE8FE380072F9B0 /* ConstraintArrayDSL.swift */; };
		E3AA8F4F1FE8FFA90072F9B0 /* LLCommentTCell.swift in Sources */ = {isa = PBXBuildFile; fileRef = E3AA8F4E1FE8FFA90072F9B0 /* LLCommentTCell.swift */; };
		E3DA2FB81FD78C87002EA032 /* HelpTool.swift in Sources */ = {isa = PBXBuildFile; fileRef = E3DA2FB71FD78C87002EA032 /* HelpTool.swift */; };
/* End PBXBuildFile section */

/* Begin PBXFileReference section */
		14247E947FBF0F7B646DF420 /* Pods_ToolSwift.framework */ = {isa = PBXFileReference; explicitFileType = wrapper.framework; includeInIndex = 0; path = Pods_ToolSwift.framework; sourceTree = BUILT_PRODUCTS_DIR; };
		2AEEF4E2F39B161233EB3964 /* Pods-ToolSwift.release.xcconfig */ = {isa = PBXFileReference; includeInIndex = 1; lastKnownFileType = text.xcconfig; name = "Pods-ToolSwift.release.xcconfig"; path = "Pods/Target Support Files/Pods-ToolSwift/Pods-ToolSwift.release.xcconfig"; sourceTree = "<group>"; };
		46821D9AE64FA764DC6E8FDC /* Pods-ToolSwift.debug.xcconfig */ = {isa = PBXFileReference; includeInIndex = 1; lastKnownFileType = text.xcconfig; name = "Pods-ToolSwift.debug.xcconfig"; path = "Pods/Target Support Files/Pods-ToolSwift/Pods-ToolSwift.debug.xcconfig"; sourceTree = "<group>"; };
		E3879A471FE211B400125AEA /* LLBaseViewController.swift */ = {isa = PBXFileReference; lastKnownFileType = sourcecode.swift; path = LLBaseViewController.swift; sourceTree = "<group>"; };
		E3879A4A1FE2146F00125AEA /* UIColorExtension.swift */ = {isa = PBXFileReference; lastKnownFileType = sourcecode.swift; path = UIColorExtension.swift; sourceTree = "<group>"; };
		E3879A4C1FE2295A00125AEA /* UIBarButtonItemExtension.swift */ = {isa = PBXFileReference; lastKnownFileType = sourcecode.swift; path = UIBarButtonItemExtension.swift; sourceTree = "<group>"; };
		E3879A4E1FE229EB00125AEA /* UIBarButtonItemFixSpace.swift */ = {isa = PBXFileReference; lastKnownFileType = sourcecode.swift; path = UIBarButtonItemFixSpace.swift; sourceTree = "<group>"; };
		E3879A501FE22A2F00125AEA /* DispatchQueueExtension.swift */ = {isa = PBXFileReference; lastKnownFileType = sourcecode.swift; path = DispatchQueueExtension.swift; sourceTree = "<group>"; };
		E3879A521FE22BEF00125AEA /* LLNavigationController.swift */ = {isa = PBXFileReference; lastKnownFileType = sourcecode.swift; path = LLNavigationController.swift; sourceTree = "<group>"; };
		E3879A541FE22F4100125AEA /* LLPageViewController.swift */ = {isa = PBXFileReference; lastKnownFileType = sourcecode.swift; path = LLPageViewController.swift; sourceTree = "<group>"; };
		E3879A561FE248FC00125AEA /* LLWebViewController.swift */ = {isa = PBXFileReference; lastKnownFileType = sourcecode.swift; path = LLWebViewController.swift; sourceTree = "<group>"; };
		E3879A581FE249E700125AEA /* LLTabBarController.swift */ = {isa = PBXFileReference; lastKnownFileType = sourcecode.swift; path = LLTabBarController.swift; sourceTree = "<group>"; };
		E3879A5A1FE24C8300125AEA /* LLBoutiqueListViewController.swift */ = {isa = PBXFileReference; lastKnownFileType = sourcecode.swift; path = LLBoutiqueListViewController.swift; sourceTree = "<group>"; };
		E3879A5C1FE24C9A00125AEA /* LLVIPListViewController.swift */ = {isa = PBXFileReference; lastKnownFileType = sourcecode.swift; path = LLVIPListViewController.swift; sourceTree = "<group>"; };
		E3879A5E1FE24CB500125AEA /* LLSubscibeListViewController.swift */ = {isa = PBXFileReference; lastKnownFileType = sourcecode.swift; path = LLSubscibeListViewController.swift; sourceTree = "<group>"; };
		E3879A601FE24CC600125AEA /* LLRankListViewController.swift */ = {isa = PBXFileReference; lastKnownFileType = sourcecode.swift; path = LLRankListViewController.swift; sourceTree = "<group>"; };
		E3879A621FE24CE300125AEA /* LLCateListViewController.swift */ = {isa = PBXFileReference; lastKnownFileType = sourcecode.swift; path = LLCateListViewController.swift; sourceTree = "<group>"; };
		E3879A641FE24CF800125AEA /* LLBookViewController.swift */ = {isa = PBXFileReference; lastKnownFileType = sourcecode.swift; path = LLBookViewController.swift; sourceTree = "<group>"; };
		E3879A661FE24D1200125AEA /* LLMineViewController.swift */ = {isa = PBXFileReference; lastKnownFileType = sourcecode.swift; path = LLMineViewController.swift; sourceTree = "<group>"; };
		E3879A681FE24DAE00125AEA /* Assets.xcassets */ = {isa = PBXFileReference; lastKnownFileType = folder.assetcatalog; path = Assets.xcassets; sourceTree = "<group>"; };
		E3879A6A1FE24ECE00125AEA /* LLNoticeBar.swift */ = {isa = PBXFileReference; lastKnownFileType = sourcecode.swift; path = LLNoticeBar.swift; sourceTree = "<group>"; };
		E3879A6F1FE2537D00125AEA /* LLSearchViewController.swift */ = {isa = PBXFileReference; lastKnownFileType = sourcecode.swift; path = LLSearchViewController.swift; sourceTree = "<group>"; };
		E3879A721FE269ED00125AEA /* LLBaseTableViewHeaderFooterView.swift */ = {isa = PBXFileReference; lastKnownFileType = sourcecode.swift; path = LLBaseTableViewHeaderFooterView.swift; sourceTree = "<group>"; };
		E3879A741FE26A3F00125AEA /* LLBaseCollectionViewCell.swift */ = {isa = PBXFileReference; lastKnownFileType = sourcecode.swift; path = LLBaseCollectionViewCell.swift; sourceTree = "<group>"; };
		E3879A761FE26A6A00125AEA /* LLBaseTableViewCell.swift */ = {isa = PBXFileReference; lastKnownFileType = sourcecode.swift; path = LLBaseTableViewCell.swift; sourceTree = "<group>"; };
		E3879A781FE26A9D00125AEA /* LLBaseCollectionReusableView.swift */ = {isa = PBXFileReference; lastKnownFileType = sourcecode.swift; path = LLBaseCollectionReusableView.swift; sourceTree = "<group>"; };
		E3879A7B1FE2772900125AEA /* ApiTool.swift */ = {isa = PBXFileReference; lastKnownFileType = sourcecode.swift; path = ApiTool.swift; sourceTree = "<group>"; };
		E3879A7D1FE2782100125AEA /* UIDevice+Extension.swift */ = {isa = PBXFileReference; lastKnownFileType = sourcecode.swift; path = "UIDevice+Extension.swift"; sourceTree = "<group>"; };
		E3879A7F1FE2785000125AEA /* ArrayExtensions.swift */ = {isa = PBXFileReference; lastKnownFileType = sourcecode.swift; path = ArrayExtensions.swift; sourceTree = "<group>"; };
		E3879A811FE2787C00125AEA /* UIViewExtension.swift */ = {isa = PBXFileReference; lastKnownFileType = sourcecode.swift; path = UIViewExtension.swift; sourceTree = "<group>"; };
		E3879A831FE278A300125AEA /* UIImageExtensions.swift */ = {isa = PBXFileReference; lastKnownFileType = sourcecode.swift; path = UIImageExtensions.swift; sourceTree = "<group>"; };
		E3879A851FE278D200125AEA /* StringExtension.swift */ = {isa = PBXFileReference; lastKnownFileType = sourcecode.swift; path = StringExtension.swift; sourceTree = "<group>"; };
		E3879A871FE278EE00125AEA /* DictionaryExtension.swift */ = {isa = PBXFileReference; lastKnownFileType = sourcecode.swift; path = DictionaryExtension.swift; sourceTree = "<group>"; };
		E3879A891FE27A0100125AEA /* ResponseModel.swift */ = {isa = PBXFileReference; lastKnownFileType = sourcecode.swift; path = ResponseModel.swift; sourceTree = "<group>"; };
		E3879A8D1FE36C1C00125AEA /* Common.swift */ = {isa = PBXFileReference; lastKnownFileType = sourcecode.swift; path = Common.swift; sourceTree = "<group>"; };
		E3879A921FE3973600125AEA /* LLNetWorkLoadingTool.swift */ = {isa = PBXFileReference; fileEncoding = 4; lastKnownFileType = sourcecode.swift; path = LLNetWorkLoadingTool.swift; sourceTree = "<group>"; };
		E3879A931FE3973600125AEA /* MBProgressHUDTool.swift */ = {isa = PBXFileReference; fileEncoding = 4; lastKnownFileType = sourcecode.swift; path = MBProgressHUDTool.swift; sourceTree = "<group>"; };
		E3879A961FE39FF500125AEA /* CALayerExtension.swift */ = {isa = PBXFileReference; lastKnownFileType = sourcecode.swift; path = CALayerExtension.swift; sourceTree = "<group>"; };
		E3879A991FE3A6AF00125AEA /* LLCollectionViewAlignedLayout.swift */ = {isa = PBXFileReference; lastKnownFileType = sourcecode.swift; path = LLCollectionViewAlignedLayout.swift; sourceTree = "<group>"; };
		E3879A9F1FE3A7C900125AEA /* UCollectionViewSectionBackgroundLayout.swift */ = {isa = PBXFileReference; lastKnownFileType = sourcecode.swift; path = UCollectionViewSectionBackgroundLayout.swift; sourceTree = "<group>"; };
		E3879AA11FE3AC0F00125AEA /* LLComicCHeadView.swift */ = {isa = PBXFileReference; lastKnownFileType = sourcecode.swift; path = LLComicCHeadView.swift; sourceTree = "<group>"; };
		E3879AA31FE3AC8B00125AEA /* LLComicCFootView.swift */ = {isa = PBXFileReference; lastKnownFileType = sourcecode.swift; path = LLComicCFootView.swift; sourceTree = "<group>"; };
		E3879AA51FE3ACBC00125AEA /* LLComicCCell.swift */ = {isa = PBXFileReference; lastKnownFileType = sourcecode.swift; path = LLComicCCell.swift; sourceTree = "<group>"; };
		E3879AA71FE3ACF300125AEA /* LLBoardCCell.swift */ = {isa = PBXFileReference; lastKnownFileType = sourcecode.swift; path = LLBoardCCell.swift; sourceTree = "<group>"; };
		E3879AAA1FE3ADEE00125AEA /* LLRefresh.swift */ = {isa = PBXFileReference; lastKnownFileType = sourcecode.swift; path = LLRefresh.swift; sourceTree = "<group>"; };
		E3879AAD1FE3AF1A00125AEA /* LLEmptyDataSet.swift */ = {isa = PBXFileReference; lastKnownFileType = sourcecode.swift; path = LLEmptyDataSet.swift; sourceTree = "<group>"; };
		E39C17751FC2C1370023F134 /* ToolSwift.app */ = {isa = PBXFileReference; explicitFileType = wrapper.application; includeInIndex = 0; path = ToolSwift.app; sourceTree = BUILT_PRODUCTS_DIR; };
		E39C17781FC2C1370023F134 /* AppDelegate.swift */ = {isa = PBXFileReference; lastKnownFileType = sourcecode.swift; path = AppDelegate.swift; sourceTree = "<group>"; };
		E39C17841FC2C1370023F134 /* Info.plist */ = {isa = PBXFileReference; lastKnownFileType = text.plist.xml; path = Info.plist; sourceTree = "<group>"; };
		E39C17AA1FC2C2360023F134 /* LLIndexViewController.swift */ = {isa = PBXFileReference; lastKnownFileType = sourcecode.swift; path = LLIndexViewController.swift; sourceTree = "<group>"; };
		E39C17AE1FC2C2F80023F134 /* Launch Screen.storyboard */ = {isa = PBXFileReference; lastKnownFileType = file.storyboard; path = "Launch Screen.storyboard"; sourceTree = "<group>"; };
		E3AA8F181FE796F60072F9B0 /* LLComicViewController.swift */ = {isa = PBXFileReference; lastKnownFileType = sourcecode.swift; path = LLComicViewController.swift; sourceTree = "<group>"; };
		E3AA8F1A1FE798CA0072F9B0 /* LLComicListViewController.swift */ = {isa = PBXFileReference; lastKnownFileType = sourcecode.swift; path = LLComicListViewController.swift; sourceTree = "<group>"; };
		E3AA8F1C1FE79AA10072F9B0 /* LLUpdateListViewController.swift */ = {isa = PBXFileReference; lastKnownFileType = sourcecode.swift; path = LLUpdateListViewController.swift; sourceTree = "<group>"; };
		E3AA8F1E1FE79AF10072F9B0 /* LLSpecialViewController.swift */ = {isa = PBXFileReference; lastKnownFileType = sourcecode.swift; path = LLSpecialViewController.swift; sourceTree = "<group>"; };
		E3AA8F201FE7B1BD0072F9B0 /* LLRankTCell.swift */ = {isa = PBXFileReference; lastKnownFileType = sourcecode.swift; path = LLRankTCell.swift; sourceTree = "<group>"; };
		E3AA8F221FE8E2350072F9B0 /* LLDetailViewController.swift */ = {isa = PBXFileReference; lastKnownFileType = sourcecode.swift; path = LLDetailViewController.swift; sourceTree = "<group>"; };
		E3AA8F241FE8E25A0072F9B0 /* LLChapterViewController.swift */ = {isa = PBXFileReference; lastKnownFileType = sourcecode.swift; path = LLChapterViewController.swift; sourceTree = "<group>"; };
		E3AA8F261FE8E2CB0072F9B0 /* LLCommentViewController.swift */ = {isa = PBXFileReference; lastKnownFileType = sourcecode.swift; path = LLCommentViewController.swift; sourceTree = "<group>"; };
		E3AA8F281FE8E3FB0072F9B0 /* LLComicHeadView.swift */ = {isa = PBXFileReference; lastKnownFileType = sourcecode.swift; path = LLComicHeadView.swift; sourceTree = "<group>"; };
		E3AA8F2B1FE8EA650072F9B0 /* ParallaxHeaderMode.swift */ = {isa = PBXFileReference; fileEncoding = 4; lastKnownFileType = sourcecode.swift; path = ParallaxHeaderMode.swift; sourceTree = "<group>"; };
		E3AA8F2C1FE8EA650072F9B0 /* UIScrollView+ParallaxHeader.swift */ = {isa = PBXFileReference; fileEncoding = 4; lastKnownFileType = sourcecode.swift; path = "UIScrollView+ParallaxHeader.swift"; sourceTree = "<group>"; };
		E3AA8F2D1FE8EA650072F9B0 /* ParallaxHeader.swift */ = {isa = PBXFileReference; fileEncoding = 4; lastKnownFileType = sourcecode.swift; path = ParallaxHeader.swift; sourceTree = "<group>"; };
		E3AA8F311FE8ED970072F9B0 /* LLDescriptionTCell.swift */ = {isa = PBXFileReference; lastKnownFileType = sourcecode.swift; path = LLDescriptionTCell.swift; sourceTree = "<group>"; };
		E3AA8F331FE8EDC30072F9B0 /* LLOtherWorksTCell.swift */ = {isa = PBXFileReference; lastKnownFileType = sourcecode.swift; path = LLOtherWorksTCell.swift; sourceTree = "<group>"; };
		E3AA8F351FE8EDEA0072F9B0 /* LLTicketTCell.swift */ = {isa = PBXFileReference; lastKnownFileType = sourcecode.swift; path = LLTicketTCell.swift; sourceTree = "<group>"; };
		E3AA8F371FE8EE120072F9B0 /* LLGuessLikeTCell.swift */ = {isa = PBXFileReference; lastKnownFileType = sourcecode.swift; path = LLGuessLikeTCell.swift; sourceTree = "<group>"; };
		E3AA8F391FE8EEA00072F9B0 /* LLOtherWorksViewController.swift */ = {isa = PBXFileReference; lastKnownFileType = sourcecode.swift; path = LLOtherWorksViewController.swift; sourceTree = "<group>"; };
		E3AA8F3B1FE8EEF30072F9B0 /* LLOtherWorksCCell.swift */ = {isa = PBXFileReference; lastKnownFileType = sourcecode.swift; path = LLOtherWorksCCell.swift; sourceTree = "<group>"; };
		E3AA8F3D1FE8F0680072F9B0 /* LLChapterCHeadView.swift */ = {isa = PBXFileReference; lastKnownFileType = sourcecode.swift; path = LLChapterCHeadView.swift; sourceTree = "<group>"; };
		E3AA8F3F1FE8F0C30072F9B0 /* LLChapterCCell.swift */ = {isa = PBXFileReference; lastKnownFileType = sourcecode.swift; path = LLChapterCCell.swift; sourceTree = "<group>"; };
		E3AA8F411FE8FC470072F9B0 /* LLReadViewController.swift */ = {isa = PBXFileReference; lastKnownFileType = sourcecode.swift; path = LLReadViewController.swift; sourceTree = "<group>"; };
		E3AA8F431FE8FD1F0072F9B0 /* LLReadCCell.swift */ = {isa = PBXFileReference; lastKnownFileType = sourcecode.swift; path = LLReadCCell.swift; sourceTree = "<group>"; };
		E3AA8F451FE8FD970072F9B0 /* LLReadTopBar.swift */ = {isa = PBXFileReference; lastKnownFileType = sourcecode.swift; path = LLReadTopBar.swift; sourceTree = "<group>"; };
		E3AA8F471FE8FDC40072F9B0 /* LLReadBottomBar.swift */ = {isa = PBXFileReference; lastKnownFileType = sourcecode.swift; path = LLReadBottomBar.swift; sourceTree = "<group>"; };
		E3AA8F4A1FE8FE380072F9B0 /* ConstraintArray+Extensions.swift */ = {isa = PBXFileReference; fileEncoding = 4; lastKnownFileType = sourcecode.swift; path = "ConstraintArray+Extensions.swift"; sourceTree = "<group>"; };
		E3AA8F4B1FE8FE380072F9B0 /* ConstraintArrayDSL.swift */ = {isa = PBXFileReference; fileEncoding = 4; lastKnownFileType = sourcecode.swift; path = ConstraintArrayDSL.swift; sourceTree = "<group>"; };
		E3AA8F4E1FE8FFA90072F9B0 /* LLCommentTCell.swift */ = {isa = PBXFileReference; lastKnownFileType = sourcecode.swift; path = LLCommentTCell.swift; sourceTree = "<group>"; };
		E3DA2FB71FD78C87002EA032 /* HelpTool.swift */ = {isa = PBXFileReference; fileEncoding = 4; lastKnownFileType = sourcecode.swift; path = HelpTool.swift; sourceTree = "<group>"; };
/* End PBXFileReference section */

/* Begin PBXFrameworksBuildPhase section */
		E39C17721FC2C1370023F134 /* Frameworks */ = {
			isa = PBXFrameworksBuildPhase;
			buildActionMask = 2147483647;
			files = (
				8C1299207CF13FE642AF8837 /* Pods_ToolSwift.framework in Frameworks */,
			);
			runOnlyForDeploymentPostprocessing = 0;
		};
/* End PBXFrameworksBuildPhase section */

/* Begin PBXGroup section */
		6C8B69744E4A9B08544C56F5 /* Frameworks */ = {
			isa = PBXGroup;
			children = (
				14247E947FBF0F7B646DF420 /* Pods_ToolSwift.framework */,
			);
			name = Frameworks;
			sourceTree = "<group>";
		};
		E1EED6FE31B0010457FBF5F1 /* Pods */ = {
			isa = PBXGroup;
			children = (
				46821D9AE64FA764DC6E8FDC /* Pods-ToolSwift.debug.xcconfig */,
				2AEEF4E2F39B161233EB3964 /* Pods-ToolSwift.release.xcconfig */,
			);
			name = Pods;
			sourceTree = "<group>";
		};
		E3879A2D1FE11D3600125AEA /* View */ = {
			isa = PBXGroup;
			children = (
				E3879AA11FE3AC0F00125AEA /* LLComicCHeadView.swift */,
				E3879AA31FE3AC8B00125AEA /* LLComicCFootView.swift */,
				E3879AA51FE3ACBC00125AEA /* LLComicCCell.swift */,
				E3879AA71FE3ACF300125AEA /* LLBoardCCell.swift */,
				E3AA8F201FE7B1BD0072F9B0 /* LLRankTCell.swift */,
			);
			path = View;
			sourceTree = "<group>";
		};
		E3879A2E1FE11D3600125AEA /* Controller */ = {
			isa = PBXGroup;
			children = (
				E39C17AA1FC2C2360023F134 /* LLIndexViewController.swift */,
				E3879A5A1FE24C8300125AEA /* LLBoutiqueListViewController.swift */,
				E3879A5C1FE24C9A00125AEA /* LLVIPListViewController.swift */,
				E3879A5E1FE24CB500125AEA /* LLSubscibeListViewController.swift */,
				E3879A601FE24CC600125AEA /* LLRankListViewController.swift */,
				E3AA8F1C1FE79AA10072F9B0 /* LLUpdateListViewController.swift */,
				E3AA8F1E1FE79AF10072F9B0 /* LLSpecialViewController.swift */,
			);
			path = Controller;
			sourceTree = "<group>";
		};
		E3879A311FE11D7800125AEA /* Other */ = {
			isa = PBXGroup;
			children = (
				E3879A491FE213A700125AEA /* Extension */,
				E39C17A91FC2C1D50023F134 /* Tools */,
			);
			path = Other;
			sourceTree = "<group>";
		};
		E3879A331FE2106400125AEA /* Mine */ = {
			isa = PBXGroup;
			children = (
				E3879A341FE2106400125AEA /* Controller */,
				E3879A361FE2106400125AEA /* View */,
			);
			path = Mine;
			sourceTree = "<group>";
		};
		E3879A341FE2106400125AEA /* Controller */ = {
			isa = PBXGroup;
			children = (
				E3879A661FE24D1200125AEA /* LLMineViewController.swift */,
			);
			path = Controller;
			sourceTree = "<group>";
		};
		E3879A361FE2106400125AEA /* View */ = {
			isa = PBXGroup;
			children = (
			);
			path = View;
			sourceTree = "<group>";
		};
		E3879A371FE2106400125AEA /* Base */ = {
			isa = PBXGroup;
			children = (
				E3879A381FE2106400125AEA /* Controller */,
				E3879A3A1FE2106400125AEA /* View */,
			);
			path = Base;
			sourceTree = "<group>";
		};
		E3879A381FE2106400125AEA /* Controller */ = {
			isa = PBXGroup;
			children = (
				E3879A471FE211B400125AEA /* LLBaseViewController.swift */,
				E3879A521FE22BEF00125AEA /* LLNavigationController.swift */,
				E3879A541FE22F4100125AEA /* LLPageViewController.swift */,
				E3879A561FE248FC00125AEA /* LLWebViewController.swift */,
				E3879A581FE249E700125AEA /* LLTabBarController.swift */,
			);
			path = Controller;
			sourceTree = "<group>";
		};
		E3879A3A1FE2106400125AEA /* View */ = {
			isa = PBXGroup;
			children = (
				E3879A721FE269ED00125AEA /* LLBaseTableViewHeaderFooterView.swift */,
				E3879A741FE26A3F00125AEA /* LLBaseCollectionViewCell.swift */,
				E3879A761FE26A6A00125AEA /* LLBaseTableViewCell.swift */,
				E3879A781FE26A9D00125AEA /* LLBaseCollectionReusableView.swift */,
			);
			path = View;
			sourceTree = "<group>";
		};
		E3879A3B1FE2106400125AEA /* Book */ = {
			isa = PBXGroup;
			children = (
				E3879A3C1FE2106400125AEA /* Controller */,
				E3879A3E1FE2106400125AEA /* View */,
			);
			path = Book;
			sourceTree = "<group>";
		};
		E3879A3C1FE2106400125AEA /* Controller */ = {
			isa = PBXGroup;
			children = (
				E3879A641FE24CF800125AEA /* LLBookViewController.swift */,
			);
			path = Controller;
			sourceTree = "<group>";
		};
		E3879A3E1FE2106400125AEA /* View */ = {
			isa = PBXGroup;
			children = (
			);
			path = View;
			sourceTree = "<group>";
		};
		E3879A3F1FE2106500125AEA /* Search */ = {
			isa = PBXGroup;
			children = (
				E3879A401FE2106500125AEA /* Controller */,
				E3879A421FE2106500125AEA /* View */,
			);
			path = Search;
			sourceTree = "<group>";
		};
		E3879A401FE2106500125AEA /* Controller */ = {
			isa = PBXGroup;
			children = (
				E3879A6F1FE2537D00125AEA /* LLSearchViewController.swift */,
			);
			path = Controller;
			sourceTree = "<group>";
		};
		E3879A421FE2106500125AEA /* View */ = {
			isa = PBXGroup;
			children = (
			);
			path = View;
			sourceTree = "<group>";
		};
		E3879A431FE2106500125AEA /* Cate */ = {
			isa = PBXGroup;
			children = (
				E3879A441FE2106500125AEA /* Controller */,
				E3879A461FE2106500125AEA /* View */,
			);
			path = Cate;
			sourceTree = "<group>";
		};
		E3879A441FE2106500125AEA /* Controller */ = {
			isa = PBXGroup;
			children = (
				E3879A621FE24CE300125AEA /* LLCateListViewController.swift */,
			);
			path = Controller;
			sourceTree = "<group>";
		};
		E3879A461FE2106500125AEA /* View */ = {
			isa = PBXGroup;
			children = (
			);
			path = View;
			sourceTree = "<group>";
		};
		E3879A491FE213A700125AEA /* Extension */ = {
			isa = PBXGroup;
			children = (
				E3879A4A1FE2146F00125AEA /* UIColorExtension.swift */,
				E3879A4C1FE2295A00125AEA /* UIBarButtonItemExtension.swift */,
				E3879A4E1FE229EB00125AEA /* UIBarButtonItemFixSpace.swift */,
				E3879A501FE22A2F00125AEA /* DispatchQueueExtension.swift */,
				E3879A7D1FE2782100125AEA /* UIDevice+Extension.swift */,
				E3879A7F1FE2785000125AEA /* ArrayExtensions.swift */,
				E3879A811FE2787C00125AEA /* UIViewExtension.swift */,
				E3879A831FE278A300125AEA /* UIImageExtensions.swift */,
				E3879A851FE278D200125AEA /* StringExtension.swift */,
				E3879A871FE278EE00125AEA /* DictionaryExtension.swift */,
				E3879A961FE39FF500125AEA /* CALayerExtension.swift */,
			);
			path = Extension;
			sourceTree = "<group>";
		};
		E3879A711FE2543100125AEA /* Resources */ = {
			isa = PBXGroup;
			children = (
				E39C17841FC2C1370023F134 /* Info.plist */,
				E3879A681FE24DAE00125AEA /* Assets.xcassets */,
				E39C17AE1FC2C2F80023F134 /* Launch Screen.storyboard */,
			);
			path = Resources;
			sourceTree = "<group>";
		};
		E3879A8B1FE36BD900125AEA /* Common */ = {
			isa = PBXGroup;
			children = (
				E3DA2FB71FD78C87002EA032 /* HelpTool.swift */,
				E3879A8D1FE36C1C00125AEA /* Common.swift */,
			);
			path = Common;
			sourceTree = "<group>";
		};
		E3879A8F1FE36C4200125AEA /* Api */ = {
			isa = PBXGroup;
			children = (
				E3879A7B1FE2772900125AEA /* ApiTool.swift */,
				E3879A891FE27A0100125AEA /* ResponseModel.swift */,
			);
			path = Api;
			sourceTree = "<group>";
		};
		E3879A901FE36C5900125AEA /* NoticeBar */ = {
			isa = PBXGroup;
			children = (
				E3879A6A1FE24ECE00125AEA /* LLNoticeBar.swift */,
			);
			path = NoticeBar;
			sourceTree = "<group>";
		};
		E3879A911FE3809400125AEA /* NetWorkLoading */ = {
			isa = PBXGroup;
			children = (
				E3879A921FE3973600125AEA /* LLNetWorkLoadingTool.swift */,
				E3879A931FE3973600125AEA /* MBProgressHUDTool.swift */,
			);
			path = NetWorkLoading;
			sourceTree = "<group>";
		};
		E3879A981FE3A67E00125AEA /* CollectionViewLayout */ = {
			isa = PBXGroup;
			children = (
				E3879A991FE3A6AF00125AEA /* LLCollectionViewAlignedLayout.swift */,
				E3879A9F1FE3A7C900125AEA /* UCollectionViewSectionBackgroundLayout.swift */,
			);
			path = CollectionViewLayout;
			sourceTree = "<group>";
		};
		E3879AA91FE3ADAC00125AEA /* LLRefresh */ = {
			isa = PBXGroup;
			children = (
				E3879AAA1FE3ADEE00125AEA /* LLRefresh.swift */,
			);
			path = LLRefresh;
			sourceTree = "<group>";
		};
		E3879AAC1FE3AEF800125AEA /* EmptyDataSet */ = {
			isa = PBXGroup;
			children = (
				E3879AAD1FE3AF1A00125AEA /* LLEmptyDataSet.swift */,
			);
			path = EmptyDataSet;
			sourceTree = "<group>";
		};
		E39C176C1FC2C1370023F134 = {
			isa = PBXGroup;
			children = (
				E39C17771FC2C1370023F134 /* ToolSwift */,
				E39C17761FC2C1370023F134 /* Products */,
				E1EED6FE31B0010457FBF5F1 /* Pods */,
				6C8B69744E4A9B08544C56F5 /* Frameworks */,
			);
			sourceTree = "<group>";
		};
		E39C17761FC2C1370023F134 /* Products */ = {
			isa = PBXGroup;
			children = (
				E39C17751FC2C1370023F134 /* ToolSwift.app */,
			);
			name = Products;
			sourceTree = "<group>";
		};
		E39C17771FC2C1370023F134 /* ToolSwift */ = {
			isa = PBXGroup;
			children = (
				E39C17A61FC2C1D50023F134 /* Classes */,
				E3879A711FE2543100125AEA /* Resources */,
			);
			path = ToolSwift;
			sourceTree = "<group>";
		};
		E39C17A61FC2C1D50023F134 /* Classes */ = {
			isa = PBXGroup;
			children = (
				E39C17781FC2C1370023F134 /* AppDelegate.swift */,
				E3879A371FE2106400125AEA /* Base */,
				E39C17A81FC2C1D50023F134 /* Index */,
				E3879A3B1FE2106400125AEA /* Book */,
				E3879A431FE2106500125AEA /* Cate */,
				E3879A331FE2106400125AEA /* Mine */,
				E3AA8F151FE795CB0072F9B0 /* Comic */,
				E3879A3F1FE2106500125AEA /* Search */,
				E3879A311FE11D7800125AEA /* Other */,
			);
			path = Classes;
			sourceTree = "<group>";
		};
		E39C17A81FC2C1D50023F134 /* Index */ = {
			isa = PBXGroup;
			children = (
				E3879A2E1FE11D3600125AEA /* Controller */,
				E3879A2D1FE11D3600125AEA /* View */,
			);
			path = Index;
			sourceTree = "<group>";
		};
		E39C17A91FC2C1D50023F134 /* Tools */ = {
			isa = PBXGroup;
			children = (
				E3879A8F1FE36C4200125AEA /* Api */,
				E3879A911FE3809400125AEA /* NetWorkLoading */,
				E3879A8B1FE36BD900125AEA /* Common */,
				E3879A901FE36C5900125AEA /* NoticeBar */,
				E3879AA91FE3ADAC00125AEA /* LLRefresh */,
				E3879AAC1FE3AEF800125AEA /* EmptyDataSet */,
				E3879A981FE3A67E00125AEA /* CollectionViewLayout */,
				E3AA8F2A1FE8EA650072F9B0 /* ParallaxHeader */,
				E3AA8F491FE8FE380072F9B0 /* SnapKitExtension */,
			);
			path = Tools;
			sourceTree = "<group>";
		};
		E3AA8F151FE795CB0072F9B0 /* Comic */ = {
			isa = PBXGroup;
			children = (
				E3AA8F171FE796D90072F9B0 /* View */,
				E3AA8F161FE796CD0072F9B0 /* Controller */,
			);
			path = Comic;
			sourceTree = "<group>";
		};
		E3AA8F161FE796CD0072F9B0 /* Controller */ = {
			isa = PBXGroup;
			children = (
				E3AA8F181FE796F60072F9B0 /* LLComicViewController.swift */,
				E3AA8F1A1FE798CA0072F9B0 /* LLComicListViewController.swift */,
				E3AA8F221FE8E2350072F9B0 /* LLDetailViewController.swift */,
				E3AA8F241FE8E25A0072F9B0 /* LLChapterViewController.swift */,
				E3AA8F261FE8E2CB0072F9B0 /* LLCommentViewController.swift */,
				E3AA8F391FE8EEA00072F9B0 /* LLOtherWorksViewController.swift */,
				E3AA8F411FE8FC470072F9B0 /* LLReadViewController.swift */,
			);
			path = Controller;
			sourceTree = "<group>";
		};
		E3AA8F171FE796D90072F9B0 /* View */ = {
			isa = PBXGroup;
			children = (
				E3AA8F281FE8E3FB0072F9B0 /* LLComicHeadView.swift */,
				E3AA8F311FE8ED970072F9B0 /* LLDescriptionTCell.swift */,
				E3AA8F331FE8EDC30072F9B0 /* LLOtherWorksTCell.swift */,
				E3AA8F351FE8EDEA0072F9B0 /* LLTicketTCell.swift */,
				E3AA8F371FE8EE120072F9B0 /* LLGuessLikeTCell.swift */,
				E3AA8F3B1FE8EEF30072F9B0 /* LLOtherWorksCCell.swift */,
				E3AA8F3D1FE8F0680072F9B0 /* LLChapterCHeadView.swift */,
				E3AA8F3F1FE8F0C30072F9B0 /* LLChapterCCell.swift */,
				E3AA8F431FE8FD1F0072F9B0 /* LLReadCCell.swift */,
				E3AA8F451FE8FD970072F9B0 /* LLReadTopBar.swift */,
				E3AA8F471FE8FDC40072F9B0 /* LLReadBottomBar.swift */,
				E3AA8F4E1FE8FFA90072F9B0 /* LLCommentTCell.swift */,
			);
			path = View;
			sourceTree = "<group>";
		};
		E3AA8F2A1FE8EA650072F9B0 /* ParallaxHeader */ = {
			isa = PBXGroup;
			children = (
				E3AA8F2B1FE8EA650072F9B0 /* ParallaxHeaderMode.swift */,
				E3AA8F2C1FE8EA650072F9B0 /* UIScrollView+ParallaxHeader.swift */,
				E3AA8F2D1FE8EA650072F9B0 /* ParallaxHeader.swift */,
			);
			path = ParallaxHeader;
			sourceTree = "<group>";
		};
		E3AA8F491FE8FE380072F9B0 /* SnapKitExtension */ = {
			isa = PBXGroup;
			children = (
				E3AA8F4A1FE8FE380072F9B0 /* ConstraintArray+Extensions.swift */,
				E3AA8F4B1FE8FE380072F9B0 /* ConstraintArrayDSL.swift */,
			);
			path = SnapKitExtension;
			sourceTree = "<group>";
		};
/* End PBXGroup section */

/* Begin PBXNativeTarget section */
		E39C17741FC2C1370023F134 /* ToolSwift */ = {
			isa = PBXNativeTarget;
			buildConfigurationList = E39C179D1FC2C1370023F134 /* Build configuration list for PBXNativeTarget "ToolSwift" */;
			buildPhases = (
				FD3C9C4E1ECE69DE0BE228A7 /* [CP] Check Pods Manifest.lock */,
				E39C17711FC2C1370023F134 /* Sources */,
				E39C17721FC2C1370023F134 /* Frameworks */,
				E39C17731FC2C1370023F134 /* Resources */,
				7A9CC3951674592E205A615B /* [CP] Embed Pods Frameworks */,
				88A6C58572D209DDCF025A44 /* [CP] Copy Pods Resources */,
			);
			buildRules = (
			);
			dependencies = (
			);
			name = ToolSwift;
			productName = ToolSwift;
			productReference = E39C17751FC2C1370023F134 /* ToolSwift.app */;
			productType = "com.apple.product-type.application";
		};
/* End PBXNativeTarget section */

/* Begin PBXProject section */
		E39C176D1FC2C1370023F134 /* Project object */ = {
			isa = PBXProject;
			attributes = {
				LastSwiftUpdateCheck = 0910;
				LastUpgradeCheck = 0910;
				ORGANIZATIONNAME = licheng;
				TargetAttributes = {
					E39C17741FC2C1370023F134 = {
						CreatedOnToolsVersion = 9.1;
						ProvisioningStyle = Manual;
					};
				};
			};
			buildConfigurationList = E39C17701FC2C1370023F134 /* Build configuration list for PBXProject "ToolSwift" */;
			compatibilityVersion = "Xcode 8.0";
			developmentRegion = en;
			hasScannedForEncodings = 0;
			knownRegions = (
				en,
				Base,
			);
			mainGroup = E39C176C1FC2C1370023F134;
			productRefGroup = E39C17761FC2C1370023F134 /* Products */;
			projectDirPath = "";
			projectRoot = "";
			targets = (
				E39C17741FC2C1370023F134 /* ToolSwift */,
			);
		};
/* End PBXProject section */

/* Begin PBXResourcesBuildPhase section */
		E39C17731FC2C1370023F134 /* Resources */ = {
			isa = PBXResourcesBuildPhase;
			buildActionMask = 2147483647;
			files = (
				E3879A691FE24DAE00125AEA /* Assets.xcassets in Resources */,
				E39C17AF1FC2C2F80023F134 /* Launch Screen.storyboard in Resources */,
			);
			runOnlyForDeploymentPostprocessing = 0;
		};
/* End PBXResourcesBuildPhase section */

/* Begin PBXShellScriptBuildPhase section */
		7A9CC3951674592E205A615B /* [CP] Embed Pods Frameworks */ = {
			isa = PBXShellScriptBuildPhase;
			buildActionMask = 2147483647;
			files = (
			);
			inputPaths = (
				"${SRCROOT}/Pods/Target Support Files/Pods-ToolSwift/Pods-ToolSwift-frameworks.sh",
				"${BUILT_PRODUCTS_DIR}/Alamofire/Alamofire.framework",
				"${BUILT_PRODUCTS_DIR}/EmptyDataSet-Swift/EmptyDataSet_Swift.framework",
				"${BUILT_PRODUCTS_DIR}/HMSegmentedControl/HMSegmentedControl.framework",
				"${BUILT_PRODUCTS_DIR}/HandyJSON/HandyJSON.framework",
				"${BUILT_PRODUCTS_DIR}/IQKeyboardManagerSwift/IQKeyboardManagerSwift.framework",
				"${BUILT_PRODUCTS_DIR}/Kingfisher/Kingfisher.framework",
				"${BUILT_PRODUCTS_DIR}/LLCycleScrollView/LLCycleScrollView.framework",
				"${BUILT_PRODUCTS_DIR}/MBProgressHUD/MBProgressHUD.framework",
				"${BUILT_PRODUCTS_DIR}/MJRefresh/MJRefresh.framework",
				"${BUILT_PRODUCTS_DIR}/Moya/Moya.framework",
				"${BUILT_PRODUCTS_DIR}/NVActivityIndicatorView/NVActivityIndicatorView.framework",
				"${BUILT_PRODUCTS_DIR}/Result/Result.framework",
				"${BUILT_PRODUCTS_DIR}/Reusable/Reusable.framework",
				"${BUILT_PRODUCTS_DIR}/SnapKit/SnapKit.framework",
				"${BUILT_PRODUCTS_DIR}/Then/Then.framework",
			);
			name = "[CP] Embed Pods Frameworks";
			outputPaths = (
				"${TARGET_BUILD_DIR}/${FRAMEWORKS_FOLDER_PATH}/Alamofire.framework",
				"${TARGET_BUILD_DIR}/${FRAMEWORKS_FOLDER_PATH}/EmptyDataSet_Swift.framework",
				"${TARGET_BUILD_DIR}/${FRAMEWORKS_FOLDER_PATH}/HMSegmentedControl.framework",
				"${TARGET_BUILD_DIR}/${FRAMEWORKS_FOLDER_PATH}/HandyJSON.framework",
				"${TARGET_BUILD_DIR}/${FRAMEWORKS_FOLDER_PATH}/IQKeyboardManagerSwift.framework",
				"${TARGET_BUILD_DIR}/${FRAMEWORKS_FOLDER_PATH}/Kingfisher.framework",
				"${TARGET_BUILD_DIR}/${FRAMEWORKS_FOLDER_PATH}/LLCycleScrollView.framework",
				"${TARGET_BUILD_DIR}/${FRAMEWORKS_FOLDER_PATH}/MBProgressHUD.framework",
				"${TARGET_BUILD_DIR}/${FRAMEWORKS_FOLDER_PATH}/MJRefresh.framework",
				"${TARGET_BUILD_DIR}/${FRAMEWORKS_FOLDER_PATH}/Moya.framework",
				"${TARGET_BUILD_DIR}/${FRAMEWORKS_FOLDER_PATH}/NVActivityIndicatorView.framework",
				"${TARGET_BUILD_DIR}/${FRAMEWORKS_FOLDER_PATH}/Result.framework",
				"${TARGET_BUILD_DIR}/${FRAMEWORKS_FOLDER_PATH}/Reusable.framework",
				"${TARGET_BUILD_DIR}/${FRAMEWORKS_FOLDER_PATH}/SnapKit.framework",
				"${TARGET_BUILD_DIR}/${FRAMEWORKS_FOLDER_PATH}/Then.framework",
			);
			runOnlyForDeploymentPostprocessing = 0;
			shellPath = /bin/sh;
			shellScript = "\"${SRCROOT}/Pods/Target Support Files/Pods-ToolSwift/Pods-ToolSwift-frameworks.sh\"\n";
			showEnvVarsInLog = 0;
		};
		88A6C58572D209DDCF025A44 /* [CP] Copy Pods Resources */ = {
			isa = PBXShellScriptBuildPhase;
			buildActionMask = 2147483647;
			files = (
			);
			inputPaths = (
			);
			name = "[CP] Copy Pods Resources";
			outputPaths = (
			);
			runOnlyForDeploymentPostprocessing = 0;
			shellPath = /bin/sh;
			shellScript = "\"${SRCROOT}/Pods/Target Support Files/Pods-ToolSwift/Pods-ToolSwift-resources.sh\"\n";
			showEnvVarsInLog = 0;
		};
		FD3C9C4E1ECE69DE0BE228A7 /* [CP] Check Pods Manifest.lock */ = {
			isa = PBXShellScriptBuildPhase;
			buildActionMask = 2147483647;
			files = (
			);
			inputPaths = (
				"${PODS_PODFILE_DIR_PATH}/Podfile.lock",
				"${PODS_ROOT}/Manifest.lock",
			);
			name = "[CP] Check Pods Manifest.lock";
			outputPaths = (
				"$(DERIVED_FILE_DIR)/Pods-ToolSwift-checkManifestLockResult.txt",
			);
			runOnlyForDeploymentPostprocessing = 0;
			shellPath = /bin/sh;
			shellScript = "diff \"${PODS_PODFILE_DIR_PATH}/Podfile.lock\" \"${PODS_ROOT}/Manifest.lock\" > /dev/null\nif [ $? != 0 ] ; then\n    # print error to STDERR\n    echo \"error: The sandbox is not in sync with the Podfile.lock. Run 'pod install' or update your CocoaPods installation.\" >&2\n    exit 1\nfi\n# This output is used by Xcode 'outputs' to avoid re-running this script phase.\necho \"SUCCESS\" > \"${SCRIPT_OUTPUT_FILE_0}\"\n";
			showEnvVarsInLog = 0;
		};
/* End PBXShellScriptBuildPhase section */

/* Begin PBXSourcesBuildPhase section */
		E39C17711FC2C1370023F134 /* Sources */ = {
			isa = PBXSourcesBuildPhase;
			buildActionMask = 2147483647;
			files = (
				E3AA8F291FE8E3FB0072F9B0 /* LLComicHeadView.swift in Sources */,
				E3879AA01FE3A7C900125AEA /* UCollectionViewSectionBackgroundLayout.swift in Sources */,
				E3879A821FE2787C00125AEA /* UIViewExtension.swift in Sources */,
				E3AA8F381FE8EE120072F9B0 /* LLGuessLikeTCell.swift in Sources */,
				E3DA2FB81FD78C87002EA032 /* HelpTool.swift in Sources */,
				E3AA8F481FE8FDC40072F9B0 /* LLReadBottomBar.swift in Sources */,
				E3AA8F4F1FE8FFA90072F9B0 /* LLCommentTCell.swift in Sources */,
				E3879A7E1FE2782100125AEA /* UIDevice+Extension.swift in Sources */,
				E3879A861FE278D200125AEA /* StringExtension.swift in Sources */,
				E3AA8F4C1FE8FE380072F9B0 /* ConstraintArray+Extensions.swift in Sources */,
				E3AA8F4D1FE8FE380072F9B0 /* ConstraintArrayDSL.swift in Sources */,
				E3879A511FE22A2F00125AEA /* DispatchQueueExtension.swift in Sources */,
				E3AA8F251FE8E25A0072F9B0 /* LLChapterViewController.swift in Sources */,
				E3879A9A1FE3A6AF00125AEA /* LLCollectionViewAlignedLayout.swift in Sources */,
				E3879A951FE3973600125AEA /* MBProgressHUDTool.swift in Sources */,
				E3879A751FE26A3F00125AEA /* LLBaseCollectionViewCell.swift in Sources */,
				E3879AA81FE3ACF300125AEA /* LLBoardCCell.swift in Sources */,
				E3879A5F1FE24CB500125AEA /* LLSubscibeListViewController.swift in Sources */,
				E39C17791FC2C1370023F134 /* AppDelegate.swift in Sources */,
				E3AA8F211FE7B1BD0072F9B0 /* LLRankTCell.swift in Sources */,
				E3879AAE1FE3AF1A00125AEA /* LLEmptyDataSet.swift in Sources */,
				E3879A591FE249E700125AEA /* LLTabBarController.swift in Sources */,
				E3879AA21FE3AC0F00125AEA /* LLComicCHeadView.swift in Sources */,
				E3879AA61FE3ACBC00125AEA /* LLComicCCell.swift in Sources */,
				E3AA8F1B1FE798CA0072F9B0 /* LLComicListViewController.swift in Sources */,
				E3879A4D1FE2295A00125AEA /* UIBarButtonItemExtension.swift in Sources */,
				E3AA8F1D1FE79AA10072F9B0 /* LLUpdateListViewController.swift in Sources */,
				E3879A731FE269ED00125AEA /* LLBaseTableViewHeaderFooterView.swift in Sources */,
				E3879A7C1FE2772900125AEA /* ApiTool.swift in Sources */,
				E3AA8F461FE8FD970072F9B0 /* LLReadTopBar.swift in Sources */,
				E3AA8F301FE8EA650072F9B0 /* ParallaxHeader.swift in Sources */,
				E3879A8E1FE36C1C00125AEA /* Common.swift in Sources */,
				E3879A531FE22BEF00125AEA /* LLNavigationController.swift in Sources */,
				E3879A8A1FE27A0100125AEA /* ResponseModel.swift in Sources */,
				E3879A5D1FE24C9A00125AEA /* LLVIPListViewController.swift in Sources */,
				E3879A611FE24CC600125AEA /* LLRankListViewController.swift in Sources */,
				E3AA8F401FE8F0C30072F9B0 /* LLChapterCCell.swift in Sources */,
				E3879A651FE24CF800125AEA /* LLBookViewController.swift in Sources */,
				E3879A801FE2785000125AEA /* ArrayExtensions.swift in Sources */,
				E3879A571FE248FC00125AEA /* LLWebViewController.swift in Sources */,
				E3AA8F3E1FE8F0680072F9B0 /* LLChapterCHeadView.swift in Sources */,
				E3879AA41FE3AC8B00125AEA /* LLComicCFootView.swift in Sources */,
				E3879A6B1FE24ECE00125AEA /* LLNoticeBar.swift in Sources */,
				E3879A4B1FE2146F00125AEA /* UIColorExtension.swift in Sources */,
				E3879AAB1FE3ADEE00125AEA /* LLRefresh.swift in Sources */,
				E3879A701FE2537D00125AEA /* LLSearchViewController.swift in Sources */,
				E3AA8F361FE8EDEA0072F9B0 /* LLTicketTCell.swift in Sources */,
				E3AA8F441FE8FD1F0072F9B0 /* LLReadCCell.swift in Sources */,
				E3AA8F191FE796F60072F9B0 /* LLComicViewController.swift in Sources */,
				E39C17AC1FC2C2360023F134 /* LLIndexViewController.swift in Sources */,
				E3879A791FE26A9D00125AEA /* LLBaseCollectionReusableView.swift in Sources */,
				E3879A481FE211B400125AEA /* LLBaseViewController.swift in Sources */,
				E3879A671FE24D1200125AEA /* LLMineViewController.swift in Sources */,
				E3AA8F271FE8E2CB0072F9B0 /* LLCommentViewController.swift in Sources */,
				E3879A631FE24CE300125AEA /* LLCateListViewController.swift in Sources */,
				E3AA8F3C1FE8EEF30072F9B0 /* LLOtherWorksCCell.swift in Sources */,
				E3879A881FE278EE00125AEA /* DictionaryExtension.swift in Sources */,
				E3AA8F341FE8EDC30072F9B0 /* LLOtherWorksTCell.swift in Sources */,
				E3AA8F1F1FE79AF10072F9B0 /* LLSpecialViewController.swift in Sources */,
				E3879A4F1FE229EB00125AEA /* UIBarButtonItemFixSpace.swift in Sources */,
				E3879A5B1FE24C8300125AEA /* LLBoutiqueListViewController.swift in Sources */,
				E3879A771FE26A6A00125AEA /* LLBaseTableViewCell.swift in Sources */,
				E3AA8F421FE8FC470072F9B0 /* LLReadViewController.swift in Sources */,
				E3879A971FE39FF500125AEA /* CALayerExtension.swift in Sources */,
				E3AA8F321FE8ED970072F9B0 /* LLDescriptionTCell.swift in Sources */,
				E3879A941FE3973600125AEA /* LLNetWorkLoadingTool.swift in Sources */,
				E3AA8F3A1FE8EEA00072F9B0 /* LLOtherWorksViewController.swift in Sources */,
				E3AA8F2E1FE8EA650072F9B0 /* ParallaxHeaderMode.swift in Sources */,
				E3879A551FE22F4100125AEA /* LLPageViewController.swift in Sources */,
				E3AA8F231FE8E2350072F9B0 /* LLDetailViewController.swift in Sources */,
				E3879A841FE278A300125AEA /* UIImageExtensions.swift in Sources */,
				E3AA8F2F1FE8EA650072F9B0 /* UIScrollView+ParallaxHeader.swift in Sources */,
			);
			runOnlyForDeploymentPostprocessing = 0;
		};
/* End PBXSourcesBuildPhase section */

/* Begin XCBuildConfiguration section */
		E39C179B1FC2C1370023F134 /* Debug */ = {
			isa = XCBuildConfiguration;
			buildSettings = {
				ALWAYS_SEARCH_USER_PATHS = NO;
				CLANG_ANALYZER_NONNULL = YES;
				CLANG_ANALYZER_NUMBER_OBJECT_CONVERSION = YES_AGGRESSIVE;
				CLANG_CXX_LANGUAGE_STANDARD = "gnu++14";
				CLANG_CXX_LIBRARY = "libc++";
				CLANG_ENABLE_MODULES = YES;
				CLANG_ENABLE_OBJC_ARC = YES;
				CLANG_WARN_BLOCK_CAPTURE_AUTORELEASING = YES;
				CLANG_WARN_BOOL_CONVERSION = YES;
				CLANG_WARN_COMMA = YES;
				CLANG_WARN_CONSTANT_CONVERSION = YES;
				CLANG_WARN_DIRECT_OBJC_ISA_USAGE = YES_ERROR;
				CLANG_WARN_DOCUMENTATION_COMMENTS = YES;
				CLANG_WARN_EMPTY_BODY = YES;
				CLANG_WARN_ENUM_CONVERSION = YES;
				CLANG_WARN_INFINITE_RECURSION = YES;
				CLANG_WARN_INT_CONVERSION = YES;
				CLANG_WARN_NON_LITERAL_NULL_CONVERSION = YES;
				CLANG_WARN_OBJC_LITERAL_CONVERSION = YES;
				CLANG_WARN_OBJC_ROOT_CLASS = YES_ERROR;
				CLANG_WARN_RANGE_LOOP_ANALYSIS = YES;
				CLANG_WARN_STRICT_PROTOTYPES = YES;
				CLANG_WARN_SUSPICIOUS_MOVE = YES;
				CLANG_WARN_UNGUARDED_AVAILABILITY = YES_AGGRESSIVE;
				CLANG_WARN_UNREACHABLE_CODE = YES;
				CLANG_WARN__DUPLICATE_METHOD_MATCH = YES;
				CODE_SIGN_IDENTITY = "iPhone Developer";
				COPY_PHASE_STRIP = NO;
				DEBUG_INFORMATION_FORMAT = dwarf;
				ENABLE_STRICT_OBJC_MSGSEND = YES;
				ENABLE_TESTABILITY = YES;
				GCC_C_LANGUAGE_STANDARD = gnu11;
				GCC_DYNAMIC_NO_PIC = NO;
				GCC_NO_COMMON_BLOCKS = YES;
				GCC_OPTIMIZATION_LEVEL = 0;
				GCC_PREPROCESSOR_DEFINITIONS = (
					"DEBUG=1",
					"$(inherited)",
				);
				GCC_WARN_64_TO_32_BIT_CONVERSION = YES;
				GCC_WARN_ABOUT_RETURN_TYPE = YES_ERROR;
				GCC_WARN_UNDECLARED_SELECTOR = YES;
				GCC_WARN_UNINITIALIZED_AUTOS = YES_AGGRESSIVE;
				GCC_WARN_UNUSED_FUNCTION = YES;
				GCC_WARN_UNUSED_VARIABLE = YES;
				IPHONEOS_DEPLOYMENT_TARGET = 8.0;
				MTL_ENABLE_DEBUG_INFO = YES;
				ONLY_ACTIVE_ARCH = YES;
				SDKROOT = iphoneos;
				SWIFT_ACTIVE_COMPILATION_CONDITIONS = DEBUG;
				SWIFT_OPTIMIZATION_LEVEL = "-Onone";
			};
			name = Debug;
		};
		E39C179C1FC2C1370023F134 /* Release */ = {
			isa = XCBuildConfiguration;
			buildSettings = {
				ALWAYS_SEARCH_USER_PATHS = NO;
				CLANG_ANALYZER_NONNULL = YES;
				CLANG_ANALYZER_NUMBER_OBJECT_CONVERSION = YES_AGGRESSIVE;
				CLANG_CXX_LANGUAGE_STANDARD = "gnu++14";
				CLANG_CXX_LIBRARY = "libc++";
				CLANG_ENABLE_MODULES = YES;
				CLANG_ENABLE_OBJC_ARC = YES;
				CLANG_WARN_BLOCK_CAPTURE_AUTORELEASING = YES;
				CLANG_WARN_BOOL_CONVERSION = YES;
				CLANG_WARN_COMMA = YES;
				CLANG_WARN_CONSTANT_CONVERSION = YES;
				CLANG_WARN_DIRECT_OBJC_ISA_USAGE = YES_ERROR;
				CLANG_WARN_DOCUMENTATION_COMMENTS = YES;
				CLANG_WARN_EMPTY_BODY = YES;
				CLANG_WARN_ENUM_CONVERSION = YES;
				CLANG_WARN_INFINITE_RECURSION = YES;
				CLANG_WARN_INT_CONVERSION = YES;
				CLANG_WARN_NON_LITERAL_NULL_CONVERSION = YES;
				CLANG_WARN_OBJC_LITERAL_CONVERSION = YES;
				CLANG_WARN_OBJC_ROOT_CLASS = YES_ERROR;
				CLANG_WARN_RANGE_LOOP_ANALYSIS = YES;
				CLANG_WARN_STRICT_PROTOTYPES = YES;
				CLANG_WARN_SUSPICIOUS_MOVE = YES;
				CLANG_WARN_UNGUARDED_AVAILABILITY = YES_AGGRESSIVE;
				CLANG_WARN_UNREACHABLE_CODE = YES;
				CLANG_WARN__DUPLICATE_METHOD_MATCH = YES;
				CODE_SIGN_IDENTITY = "iPhone Developer";
				COPY_PHASE_STRIP = NO;
				DEBUG_INFORMATION_FORMAT = "dwarf-with-dsym";
				ENABLE_NS_ASSERTIONS = NO;
				ENABLE_STRICT_OBJC_MSGSEND = YES;
				GCC_C_LANGUAGE_STANDARD = gnu11;
				GCC_NO_COMMON_BLOCKS = YES;
				GCC_WARN_64_TO_32_BIT_CONVERSION = YES;
				GCC_WARN_ABOUT_RETURN_TYPE = YES_ERROR;
				GCC_WARN_UNDECLARED_SELECTOR = YES;
				GCC_WARN_UNINITIALIZED_AUTOS = YES_AGGRESSIVE;
				GCC_WARN_UNUSED_FUNCTION = YES;
				GCC_WARN_UNUSED_VARIABLE = YES;
				IPHONEOS_DEPLOYMENT_TARGET = 8.0;
				MTL_ENABLE_DEBUG_INFO = NO;
				SDKROOT = iphoneos;
				SWIFT_OPTIMIZATION_LEVEL = "-Owholemodule";
				VALIDATE_PRODUCT = YES;
			};
			name = Release;
		};
		E39C179E1FC2C1370023F134 /* Debug */ = {
			isa = XCBuildConfiguration;
			baseConfigurationReference = 46821D9AE64FA764DC6E8FDC /* Pods-ToolSwift.debug.xcconfig */;
			buildSettings = {
				ASSETCATALOG_COMPILER_APPICON_NAME = AppIcon;
				ASSETCATALOG_COMPILER_LAUNCHIMAGE_NAME = LaunchImage;
				"CODE_SIGN_IDENTITY[sdk=iphoneos*]" = "iPhone Developer";
				CODE_SIGN_STYLE = Manual;
				DEVELOPMENT_TEAM = 966MC69B75;
				ENABLE_BITCODE = YES;
				INFOPLIST_FILE = "$(SRCROOT)/ToolSwift/Resources/Info.plist";
				IPHONEOS_DEPLOYMENT_TARGET = 8.0;
				LD_RUNPATH_SEARCH_PATHS = "$(inherited) @executable_path/Frameworks";
				PRODUCT_BUNDLE_IDENTIFIER = com.xfyc.carnetuser;
				PRODUCT_NAME = "$(TARGET_NAME)";
				PROVISIONING_PROFILE = "3617744f-5458-441b-8db8-126a6c8c6dc1";
				PROVISIONING_PROFILE_SPECIFIER = carnetuserDevelopment;
				SWIFT_VERSION = 4.0;
				TARGETED_DEVICE_FAMILY = 1;
			};
			name = Debug;
		};
		E39C179F1FC2C1370023F134 /* Release */ = {
			isa = XCBuildConfiguration;
			baseConfigurationReference = 2AEEF4E2F39B161233EB3964 /* Pods-ToolSwift.release.xcconfig */;
			buildSettings = {
				ASSETCATALOG_COMPILER_APPICON_NAME = AppIcon;
				ASSETCATALOG_COMPILER_LAUNCHIMAGE_NAME = LaunchImage;
				"CODE_SIGN_IDENTITY[sdk=iphoneos*]" = "iPhone Distribution";
				CODE_SIGN_STYLE = Manual;
				DEVELOPMENT_TEAM = 966MC69B75;
				ENABLE_BITCODE = YES;
				INFOPLIST_FILE = "$(SRCROOT)/ToolSwift/Resources/Info.plist";
				IPHONEOS_DEPLOYMENT_TARGET = 8.0;
				LD_RUNPATH_SEARCH_PATHS = "$(inherited) @executable_path/Frameworks";
				PRODUCT_BUNDLE_IDENTIFIER = com.xfyc.carnetuser;
				PRODUCT_NAME = "$(TARGET_NAME)";
				PROVISIONING_PROFILE = "ada9a611-831a-40f9-9f8a-d96fb313be01";
				PROVISIONING_PROFILE_SPECIFIER = carNetUserAdHoc;
				SWIFT_VERSION = 4.0;
				TARGETED_DEVICE_FAMILY = 1;
			};
			name = Release;
		};
/* End XCBuildConfiguration section */

/* Begin XCConfigurationList section */
		E39C17701FC2C1370023F134 /* Build configuration list for PBXProject "ToolSwift" */ = {
			isa = XCConfigurationList;
			buildConfigurations = (
				E39C179B1FC2C1370023F134 /* Debug */,
				E39C179C1FC2C1370023F134 /* Release */,
			);
			defaultConfigurationIsVisible = 0;
			defaultConfigurationName = Release;
		};
		E39C179D1FC2C1370023F134 /* Build configuration list for PBXNativeTarget "ToolSwift" */ = {
			isa = XCConfigurationList;
			buildConfigurations = (
				E39C179E1FC2C1370023F134 /* Debug */,
				E39C179F1FC2C1370023F134 /* Release */,
			);
			defaultConfigurationIsVisible = 0;
			defaultConfigurationName = Release;
		};
/* End XCConfigurationList section */
	};
	rootObject = E39C176D1FC2C1370023F134 /* Project object */;
}
